
Microsoft Visual Studio Solution File, Format Version 12.00
# Visual Studio 15
VisualStudioVersion = 15.0.26430.4
MinimumVisualStudioVersion = 10.0.40219.1
Project("{FAE04EC0-301F-11D3-BF4B-00C04F79EFBC}") = "Opg01HelloWorld", "Opg01HelloWorld\Opg01HelloWorld.csproj", "{2067887B-D713-4D15-8B23-1B30A3AEA29E}"
EndProject
Project("{FAE04EC0-301F-11D3-BF4B-00C04F79EFBC}") = "Testprojekt", "Testprojekt\Testprojekt.csproj", "{6CD0F82E-7B57-47EA-97DC-7554E72BFDC0}"
EndProject
Project("{FAE04EC0-301F-11D3-BF4B-00C04F79EFBC}") = "opg2variabler", "opg2variabler\opg2variabler.csproj", "{45BE866A-33AD-4230-BEEA-46BA546D11F1}"
EndProject
Project("{FAE04EC0-301F-11D3-BF4B-00C04F79EFBC}") = "Opg3månedsløn", "Opg3månedsløn\Opg3månedsløn.csproj", "{227AE492-1225-4EDF-A518-3194447038EE}"
EndProject
Project("{FAE04EC0-301F-11D3-BF4B-00C04F79EFBC}") = "Opg4strenge", "Opg4strenge\Opg4strenge.csproj", "{8AE29CF8-824B-44B2-B5EC-B07F25C713D6}"
EndProject
Project("{FAE04EC0-301F-11D3-BF4B-00C04F79EFBC}") = "Opg5tabel", "Opg5tabel\Opg5tabel.csproj", "{52CBF548-E341-4961-BFB2-47828607FE7E}"
EndProject
Project("{FAE04EC0-301F-11D3-BF4B-00C04F79EFBC}") = "Testprojekt2", "Testprojekt2\Testprojekt2.csproj", "{085323C3-D4FC-492A-A2C2-A8F9D44B2CF0}"
EndProject
Project("{FAE04EC0-301F-11D3-BF4B-00C04F79EFBC}") = "Opg6metoder", "Opg6metoder\Opg6metoder.csproj", "{B182F25C-8815-4E60-BDA1-F47FC7414FBF}"
EndProject
Project("{FAE04EC0-301F-11D3-BF4B-00C04F79EFBC}") = "Opg6overload", "Opg6overload\Opg6overload.csproj", "{CB9FCEBE-9CA1-4480-9533-8369471D0F1A}"
EndProject
Project("{FAE04EC0-301F-11D3-BF4B-00C04F79EFBC}") = "Opg5terning", "Opg5terning\Opg5terning.csproj", "{D4FC7BD2-832C-4E2C-B7CA-1F867CAFBF06}"
EndProject
Project("{FAE04EC0-301F-11D3-BF4B-00C04F79EFBC}") = "Opg5terning2", "Opg5terning2\Opg5terning2.csproj", "{C462F68A-187D-464F-A9DE-2C48E26A44D6}"
EndProject
Project("{FAE04EC0-301F-11D3-BF4B-00C04F79EFBC}") = "Opg6egenskaber", "Opg6egenskaber\Opg6egenskaber.csproj", "{CD4EF498-3241-4F80-B71E-8D3F7F6EE6F3}"
EndProject
Project("{FAE04EC0-301F-11D3-BF4B-00C04F79EFBC}") = "test3static", "test3static\test3static.csproj", "{0F218004-2137-4020-9882-D0B558C8B9BD}"
EndProject
Project("{FAE04EC0-301F-11D3-BF4B-00C04F79EFBC}") = "Opg6egenskaber2", "Opg6egenskaber2\Opg6egenskaber2.csproj", "{2914DD2A-E46F-41E7-86D8-AA427873BDBC}"
EndProject
Project("{FAE04EC0-301F-11D3-BF4B-00C04F79EFBC}") = "Opg6arv", "Opg6arv\Opg6arv.csproj", "{DF60059D-6278-4BC6-A4E7-610C104E1066}"
EndProject
Project("{FAE04EC0-301F-11D3-BF4B-00C04F79EFBC}") = "Opg7_egenskaber_trekant", "Opg7_egenskaber_trekant\Opg7_egenskaber_trekant.csproj", "{477D2EAE-5E0C-4B29-AF6B-5FC987FE66AF}"
EndProject
Project("{D954291E-2A0B-460D-934E-DC6B0785DB48}") = "Opg9_fejlhåndtering", "Opg9_fejlhåndtering\Opg9_fejlhåndtering\Opg9_fejlhåndtering.shproj", "{502E6B43-60D6-4640-B265-43964F65FBAC}"
EndProject
Project("{FAE04EC0-301F-11D3-BF4B-00C04F79EFBC}") = "ConsoleApp1", "ConsoleApp1\ConsoleApp1.csproj", "{7048F58A-2B32-472D-BB47-BB0FD6B7F03F}"
EndProject
Project("{FAE04EC0-301F-11D3-BF4B-00C04F79EFBC}") = "Opg9_fejl_håndtering", "Opg9_fejl_håndtering\Opg9_fejl_håndtering.csproj", "{942791A3-B926-46D7-AF8B-6D95EA2FF1EA}"
EndProject
Project("{FAE04EC0-301F-11D3-BF4B-00C04F79EFBC}") = "Opg9_NLog", "Opg9_NLog\Opg9_NLog.csproj", "{D912701F-1E0C-49B6-9D95-9DB9A868D554}"
EndProject
Project("{FAE04EC0-301F-11D3-BF4B-00C04F79EFBC}") = "Opg10_interface", "Opg10_interface\Opg10_interface.csproj", "{E5CC0A52-A933-4D81-9A6B-1A2592BD787A}"
EndProject
Project("{FAE04EC0-301F-11D3-BF4B-00C04F79EFBC}") = "Opg10_compare", "Opg10_compare\Opg10_compare.csproj", "{A1481766-B347-42F2-AED8-1912189DBBF7}"
EndProject
Global
	GlobalSection(SharedMSBuildProjectFiles) = preSolution
		Opg9_fejlhåndtering\Opg9_fejlhåndtering\Opg9_fejlhåndtering.projitems*{502e6b43-60d6-4640-b265-43964f65fbac}*SharedItemsImports = 13
	EndGlobalSection
	GlobalSection(SolutionConfigurationPlatforms) = preSolution
		Ad-Hoc|Any CPU = Ad-Hoc|Any CPU
		Ad-Hoc|iPhone = Ad-Hoc|iPhone
		Ad-Hoc|iPhoneSimulator = Ad-Hoc|iPhoneSimulator
		AppStore|Any CPU = AppStore|Any CPU
		AppStore|iPhone = AppStore|iPhone
		AppStore|iPhoneSimulator = AppStore|iPhoneSimulator
		Debug|Any CPU = Debug|Any CPU
		Debug|iPhone = Debug|iPhone
		Debug|iPhoneSimulator = Debug|iPhoneSimulator
		Release|Any CPU = Release|Any CPU
		Release|iPhone = Release|iPhone
		Release|iPhoneSimulator = Release|iPhoneSimulator
	EndGlobalSection
	GlobalSection(ProjectConfigurationPlatforms) = postSolution
		{2067887B-D713-4D15-8B23-1B30A3AEA29E}.Ad-Hoc|Any CPU.ActiveCfg = Release|Any CPU
		{2067887B-D713-4D15-8B23-1B30A3AEA29E}.Ad-Hoc|Any CPU.Build.0 = Release|Any CPU
		{2067887B-D713-4D15-8B23-1B30A3AEA29E}.Ad-Hoc|iPhone.ActiveCfg = Release|Any CPU
		{2067887B-D713-4D15-8B23-1B30A3AEA29E}.Ad-Hoc|iPhone.Build.0 = Release|Any CPU
		{2067887B-D713-4D15-8B23-1B30A3AEA29E}.Ad-Hoc|iPhoneSimulator.ActiveCfg = Release|Any CPU
		{2067887B-D713-4D15-8B23-1B30A3AEA29E}.Ad-Hoc|iPhoneSimulator.Build.0 = Release|Any CPU
		{2067887B-D713-4D15-8B23-1B30A3AEA29E}.AppStore|Any CPU.ActiveCfg = Release|Any CPU
		{2067887B-D713-4D15-8B23-1B30A3AEA29E}.AppStore|Any CPU.Build.0 = Release|Any CPU
		{2067887B-D713-4D15-8B23-1B30A3AEA29E}.AppStore|iPhone.ActiveCfg = Release|Any CPU
		{2067887B-D713-4D15-8B23-1B30A3AEA29E}.AppStore|iPhone.Build.0 = Release|Any CPU
		{2067887B-D713-4D15-8B23-1B30A3AEA29E}.AppStore|iPhoneSimulator.ActiveCfg = Release|Any CPU
		{2067887B-D713-4D15-8B23-1B30A3AEA29E}.AppStore|iPhoneSimulator.Build.0 = Release|Any CPU
		{2067887B-D713-4D15-8B23-1B30A3AEA29E}.Debug|Any CPU.ActiveCfg = Debug|Any CPU
		{2067887B-D713-4D15-8B23-1B30A3AEA29E}.Debug|Any CPU.Build.0 = Debug|Any CPU
		{2067887B-D713-4D15-8B23-1B30A3AEA29E}.Debug|iPhone.ActiveCfg = Debug|Any CPU
		{2067887B-D713-4D15-8B23-1B30A3AEA29E}.Debug|iPhone.Build.0 = Debug|Any CPU
		{2067887B-D713-4D15-8B23-1B30A3AEA29E}.Debug|iPhoneSimulator.ActiveCfg = Debug|Any CPU
		{2067887B-D713-4D15-8B23-1B30A3AEA29E}.Debug|iPhoneSimulator.Build.0 = Debug|Any CPU
		{2067887B-D713-4D15-8B23-1B30A3AEA29E}.Release|Any CPU.ActiveCfg = Release|Any CPU
		{2067887B-D713-4D15-8B23-1B30A3AEA29E}.Release|Any CPU.Build.0 = Release|Any CPU
		{2067887B-D713-4D15-8B23-1B30A3AEA29E}.Release|iPhone.ActiveCfg = Release|Any CPU
		{2067887B-D713-4D15-8B23-1B30A3AEA29E}.Release|iPhone.Build.0 = Release|Any CPU
		{2067887B-D713-4D15-8B23-1B30A3AEA29E}.Release|iPhoneSimulator.ActiveCfg = Release|Any CPU
		{2067887B-D713-4D15-8B23-1B30A3AEA29E}.Release|iPhoneSimulator.Build.0 = Release|Any CPU
		{6CD0F82E-7B57-47EA-97DC-7554E72BFDC0}.Ad-Hoc|Any CPU.ActiveCfg = Release|Any CPU
		{6CD0F82E-7B57-47EA-97DC-7554E72BFDC0}.Ad-Hoc|Any CPU.Build.0 = Release|Any CPU
		{6CD0F82E-7B57-47EA-97DC-7554E72BFDC0}.Ad-Hoc|iPhone.ActiveCfg = Release|Any CPU
		{6CD0F82E-7B57-47EA-97DC-7554E72BFDC0}.Ad-Hoc|iPhone.Build.0 = Release|Any CPU
		{6CD0F82E-7B57-47EA-97DC-7554E72BFDC0}.Ad-Hoc|iPhoneSimulator.ActiveCfg = Release|Any CPU
		{6CD0F82E-7B57-47EA-97DC-7554E72BFDC0}.Ad-Hoc|iPhoneSimulator.Build.0 = Release|Any CPU
		{6CD0F82E-7B57-47EA-97DC-7554E72BFDC0}.AppStore|Any CPU.ActiveCfg = Release|Any CPU
		{6CD0F82E-7B57-47EA-97DC-7554E72BFDC0}.AppStore|Any CPU.Build.0 = Release|Any CPU
		{6CD0F82E-7B57-47EA-97DC-7554E72BFDC0}.AppStore|iPhone.ActiveCfg = Release|Any CPU
		{6CD0F82E-7B57-47EA-97DC-7554E72BFDC0}.AppStore|iPhone.Build.0 = Release|Any CPU
		{6CD0F82E-7B57-47EA-97DC-7554E72BFDC0}.AppStore|iPhoneSimulator.ActiveCfg = Release|Any CPU
		{6CD0F82E-7B57-47EA-97DC-7554E72BFDC0}.AppStore|iPhoneSimulator.Build.0 = Release|Any CPU
		{6CD0F82E-7B57-47EA-97DC-7554E72BFDC0}.Debug|Any CPU.ActiveCfg = Debug|Any CPU
		{6CD0F82E-7B57-47EA-97DC-7554E72BFDC0}.Debug|Any CPU.Build.0 = Debug|Any CPU
		{6CD0F82E-7B57-47EA-97DC-7554E72BFDC0}.Debug|iPhone.ActiveCfg = Debug|Any CPU
		{6CD0F82E-7B57-47EA-97DC-7554E72BFDC0}.Debug|iPhone.Build.0 = Debug|Any CPU
		{6CD0F82E-7B57-47EA-97DC-7554E72BFDC0}.Debug|iPhoneSimulator.ActiveCfg = Debug|Any CPU
		{6CD0F82E-7B57-47EA-97DC-7554E72BFDC0}.Debug|iPhoneSimulator.Build.0 = Debug|Any CPU
		{6CD0F82E-7B57-47EA-97DC-7554E72BFDC0}.Release|Any CPU.ActiveCfg = Release|Any CPU
		{6CD0F82E-7B57-47EA-97DC-7554E72BFDC0}.Release|Any CPU.Build.0 = Release|Any CPU
		{6CD0F82E-7B57-47EA-97DC-7554E72BFDC0}.Release|iPhone.ActiveCfg = Release|Any CPU
		{6CD0F82E-7B57-47EA-97DC-7554E72BFDC0}.Release|iPhone.Build.0 = Release|Any CPU
		{6CD0F82E-7B57-47EA-97DC-7554E72BFDC0}.Release|iPhoneSimulator.ActiveCfg = Release|Any CPU
		{6CD0F82E-7B57-47EA-97DC-7554E72BFDC0}.Release|iPhoneSimulator.Build.0 = Release|Any CPU
		{45BE866A-33AD-4230-BEEA-46BA546D11F1}.Ad-Hoc|Any CPU.ActiveCfg = Release|Any CPU
		{45BE866A-33AD-4230-BEEA-46BA546D11F1}.Ad-Hoc|Any CPU.Build.0 = Release|Any CPU
		{45BE866A-33AD-4230-BEEA-46BA546D11F1}.Ad-Hoc|iPhone.ActiveCfg = Release|Any CPU
		{45BE866A-33AD-4230-BEEA-46BA546D11F1}.Ad-Hoc|iPhone.Build.0 = Release|Any CPU
		{45BE866A-33AD-4230-BEEA-46BA546D11F1}.Ad-Hoc|iPhoneSimulator.ActiveCfg = Release|Any CPU
		{45BE866A-33AD-4230-BEEA-46BA546D11F1}.Ad-Hoc|iPhoneSimulator.Build.0 = Release|Any CPU
		{45BE866A-33AD-4230-BEEA-46BA546D11F1}.AppStore|Any CPU.ActiveCfg = Release|Any CPU
		{45BE866A-33AD-4230-BEEA-46BA546D11F1}.AppStore|Any CPU.Build.0 = Release|Any CPU
		{45BE866A-33AD-4230-BEEA-46BA546D11F1}.AppStore|iPhone.ActiveCfg = Release|Any CPU
		{45BE866A-33AD-4230-BEEA-46BA546D11F1}.AppStore|iPhone.Build.0 = Release|Any CPU
		{45BE866A-33AD-4230-BEEA-46BA546D11F1}.AppStore|iPhoneSimulator.ActiveCfg = Release|Any CPU
		{45BE866A-33AD-4230-BEEA-46BA546D11F1}.AppStore|iPhoneSimulator.Build.0 = Release|Any CPU
		{45BE866A-33AD-4230-BEEA-46BA546D11F1}.Debug|Any CPU.ActiveCfg = Debug|Any CPU
		{45BE866A-33AD-4230-BEEA-46BA546D11F1}.Debug|Any CPU.Build.0 = Debug|Any CPU
		{45BE866A-33AD-4230-BEEA-46BA546D11F1}.Debug|iPhone.ActiveCfg = Debug|Any CPU
		{45BE866A-33AD-4230-BEEA-46BA546D11F1}.Debug|iPhone.Build.0 = Debug|Any CPU
		{45BE866A-33AD-4230-BEEA-46BA546D11F1}.Debug|iPhoneSimulator.ActiveCfg = Debug|Any CPU
		{45BE866A-33AD-4230-BEEA-46BA546D11F1}.Debug|iPhoneSimulator.Build.0 = Debug|Any CPU
		{45BE866A-33AD-4230-BEEA-46BA546D11F1}.Release|Any CPU.ActiveCfg = Release|Any CPU
		{45BE866A-33AD-4230-BEEA-46BA546D11F1}.Release|Any CPU.Build.0 = Release|Any CPU
		{45BE866A-33AD-4230-BEEA-46BA546D11F1}.Release|iPhone.ActiveCfg = Release|Any CPU
		{45BE866A-33AD-4230-BEEA-46BA546D11F1}.Release|iPhone.Build.0 = Release|Any CPU
		{45BE866A-33AD-4230-BEEA-46BA546D11F1}.Release|iPhoneSimulator.ActiveCfg = Release|Any CPU
		{45BE866A-33AD-4230-BEEA-46BA546D11F1}.Release|iPhoneSimulator.Build.0 = Release|Any CPU
		{227AE492-1225-4EDF-A518-3194447038EE}.Ad-Hoc|Any CPU.ActiveCfg = Release|Any CPU
		{227AE492-1225-4EDF-A518-3194447038EE}.Ad-Hoc|Any CPU.Build.0 = Release|Any CPU
		{227AE492-1225-4EDF-A518-3194447038EE}.Ad-Hoc|iPhone.ActiveCfg = Release|Any CPU
		{227AE492-1225-4EDF-A518-3194447038EE}.Ad-Hoc|iPhone.Build.0 = Release|Any CPU
		{227AE492-1225-4EDF-A518-3194447038EE}.Ad-Hoc|iPhoneSimulator.ActiveCfg = Release|Any CPU
		{227AE492-1225-4EDF-A518-3194447038EE}.Ad-Hoc|iPhoneSimulator.Build.0 = Release|Any CPU
		{227AE492-1225-4EDF-A518-3194447038EE}.AppStore|Any CPU.ActiveCfg = Release|Any CPU
		{227AE492-1225-4EDF-A518-3194447038EE}.AppStore|Any CPU.Build.0 = Release|Any CPU
		{227AE492-1225-4EDF-A518-3194447038EE}.AppStore|iPhone.ActiveCfg = Release|Any CPU
		{227AE492-1225-4EDF-A518-3194447038EE}.AppStore|iPhone.Build.0 = Release|Any CPU
		{227AE492-1225-4EDF-A518-3194447038EE}.AppStore|iPhoneSimulator.ActiveCfg = Release|Any CPU
		{227AE492-1225-4EDF-A518-3194447038EE}.AppStore|iPhoneSimulator.Build.0 = Release|Any CPU
		{227AE492-1225-4EDF-A518-3194447038EE}.Debug|Any CPU.ActiveCfg = Debug|Any CPU
		{227AE492-1225-4EDF-A518-3194447038EE}.Debug|Any CPU.Build.0 = Debug|Any CPU
		{227AE492-1225-4EDF-A518-3194447038EE}.Debug|iPhone.ActiveCfg = Debug|Any CPU
		{227AE492-1225-4EDF-A518-3194447038EE}.Debug|iPhone.Build.0 = Debug|Any CPU
		{227AE492-1225-4EDF-A518-3194447038EE}.Debug|iPhoneSimulator.ActiveCfg = Debug|Any CPU
		{227AE492-1225-4EDF-A518-3194447038EE}.Debug|iPhoneSimulator.Build.0 = Debug|Any CPU
		{227AE492-1225-4EDF-A518-3194447038EE}.Release|Any CPU.ActiveCfg = Release|Any CPU
		{227AE492-1225-4EDF-A518-3194447038EE}.Release|Any CPU.Build.0 = Release|Any CPU
		{227AE492-1225-4EDF-A518-3194447038EE}.Release|iPhone.ActiveCfg = Release|Any CPU
		{227AE492-1225-4EDF-A518-3194447038EE}.Release|iPhone.Build.0 = Release|Any CPU
		{227AE492-1225-4EDF-A518-3194447038EE}.Release|iPhoneSimulator.ActiveCfg = Release|Any CPU
		{227AE492-1225-4EDF-A518-3194447038EE}.Release|iPhoneSimulator.Build.0 = Release|Any CPU
		{8AE29CF8-824B-44B2-B5EC-B07F25C713D6}.Ad-Hoc|Any CPU.ActiveCfg = Release|Any CPU
		{8AE29CF8-824B-44B2-B5EC-B07F25C713D6}.Ad-Hoc|Any CPU.Build.0 = Release|Any CPU
		{8AE29CF8-824B-44B2-B5EC-B07F25C713D6}.Ad-Hoc|iPhone.ActiveCfg = Release|Any CPU
		{8AE29CF8-824B-44B2-B5EC-B07F25C713D6}.Ad-Hoc|iPhone.Build.0 = Release|Any CPU
		{8AE29CF8-824B-44B2-B5EC-B07F25C713D6}.Ad-Hoc|iPhoneSimulator.ActiveCfg = Release|Any CPU
		{8AE29CF8-824B-44B2-B5EC-B07F25C713D6}.Ad-Hoc|iPhoneSimulator.Build.0 = Release|Any CPU
		{8AE29CF8-824B-44B2-B5EC-B07F25C713D6}.AppStore|Any CPU.ActiveCfg = Release|Any CPU
		{8AE29CF8-824B-44B2-B5EC-B07F25C713D6}.AppStore|Any CPU.Build.0 = Release|Any CPU
		{8AE29CF8-824B-44B2-B5EC-B07F25C713D6}.AppStore|iPhone.ActiveCfg = Release|Any CPU
		{8AE29CF8-824B-44B2-B5EC-B07F25C713D6}.AppStore|iPhone.Build.0 = Release|Any CPU
		{8AE29CF8-824B-44B2-B5EC-B07F25C713D6}.AppStore|iPhoneSimulator.ActiveCfg = Release|Any CPU
		{8AE29CF8-824B-44B2-B5EC-B07F25C713D6}.AppStore|iPhoneSimulator.Build.0 = Release|Any CPU
		{8AE29CF8-824B-44B2-B5EC-B07F25C713D6}.Debug|Any CPU.ActiveCfg = Debug|Any CPU
		{8AE29CF8-824B-44B2-B5EC-B07F25C713D6}.Debug|Any CPU.Build.0 = Debug|Any CPU
		{8AE29CF8-824B-44B2-B5EC-B07F25C713D6}.Debug|iPhone.ActiveCfg = Debug|Any CPU
		{8AE29CF8-824B-44B2-B5EC-B07F25C713D6}.Debug|iPhone.Build.0 = Debug|Any CPU
		{8AE29CF8-824B-44B2-B5EC-B07F25C713D6}.Debug|iPhoneSimulator.ActiveCfg = Debug|Any CPU
		{8AE29CF8-824B-44B2-B5EC-B07F25C713D6}.Debug|iPhoneSimulator.Build.0 = Debug|Any CPU
		{8AE29CF8-824B-44B2-B5EC-B07F25C713D6}.Release|Any CPU.ActiveCfg = Release|Any CPU
		{8AE29CF8-824B-44B2-B5EC-B07F25C713D6}.Release|Any CPU.Build.0 = Release|Any CPU
		{8AE29CF8-824B-44B2-B5EC-B07F25C713D6}.Release|iPhone.ActiveCfg = Release|Any CPU
		{8AE29CF8-824B-44B2-B5EC-B07F25C713D6}.Release|iPhone.Build.0 = Release|Any CPU
		{8AE29CF8-824B-44B2-B5EC-B07F25C713D6}.Release|iPhoneSimulator.ActiveCfg = Release|Any CPU
		{8AE29CF8-824B-44B2-B5EC-B07F25C713D6}.Release|iPhoneSimulator.Build.0 = Release|Any CPU
		{52CBF548-E341-4961-BFB2-47828607FE7E}.Ad-Hoc|Any CPU.ActiveCfg = Release|Any CPU
		{52CBF548-E341-4961-BFB2-47828607FE7E}.Ad-Hoc|Any CPU.Build.0 = Release|Any CPU
		{52CBF548-E341-4961-BFB2-47828607FE7E}.Ad-Hoc|iPhone.ActiveCfg = Release|Any CPU
		{52CBF548-E341-4961-BFB2-47828607FE7E}.Ad-Hoc|iPhone.Build.0 = Release|Any CPU
		{52CBF548-E341-4961-BFB2-47828607FE7E}.Ad-Hoc|iPhoneSimulator.ActiveCfg = Release|Any CPU
		{52CBF548-E341-4961-BFB2-47828607FE7E}.Ad-Hoc|iPhoneSimulator.Build.0 = Release|Any CPU
		{52CBF548-E341-4961-BFB2-47828607FE7E}.AppStore|Any CPU.ActiveCfg = Release|Any CPU
		{52CBF548-E341-4961-BFB2-47828607FE7E}.AppStore|Any CPU.Build.0 = Release|Any CPU
		{52CBF548-E341-4961-BFB2-47828607FE7E}.AppStore|iPhone.ActiveCfg = Release|Any CPU
		{52CBF548-E341-4961-BFB2-47828607FE7E}.AppStore|iPhone.Build.0 = Release|Any CPU
		{52CBF548-E341-4961-BFB2-47828607FE7E}.AppStore|iPhoneSimulator.ActiveCfg = Release|Any CPU
		{52CBF548-E341-4961-BFB2-47828607FE7E}.AppStore|iPhoneSimulator.Build.0 = Release|Any CPU
		{52CBF548-E341-4961-BFB2-47828607FE7E}.Debug|Any CPU.ActiveCfg = Debug|Any CPU
		{52CBF548-E341-4961-BFB2-47828607FE7E}.Debug|Any CPU.Build.0 = Debug|Any CPU
		{52CBF548-E341-4961-BFB2-47828607FE7E}.Debug|iPhone.ActiveCfg = Debug|Any CPU
		{52CBF548-E341-4961-BFB2-47828607FE7E}.Debug|iPhone.Build.0 = Debug|Any CPU
		{52CBF548-E341-4961-BFB2-47828607FE7E}.Debug|iPhoneSimulator.ActiveCfg = Debug|Any CPU
		{52CBF548-E341-4961-BFB2-47828607FE7E}.Debug|iPhoneSimulator.Build.0 = Debug|Any CPU
		{52CBF548-E341-4961-BFB2-47828607FE7E}.Release|Any CPU.ActiveCfg = Release|Any CPU
		{52CBF548-E341-4961-BFB2-47828607FE7E}.Release|Any CPU.Build.0 = Release|Any CPU
		{52CBF548-E341-4961-BFB2-47828607FE7E}.Release|iPhone.ActiveCfg = Release|Any CPU
		{52CBF548-E341-4961-BFB2-47828607FE7E}.Release|iPhone.Build.0 = Release|Any CPU
		{52CBF548-E341-4961-BFB2-47828607FE7E}.Release|iPhoneSimulator.ActiveCfg = Release|Any CPU
		{52CBF548-E341-4961-BFB2-47828607FE7E}.Release|iPhoneSimulator.Build.0 = Release|Any CPU
		{085323C3-D4FC-492A-A2C2-A8F9D44B2CF0}.Ad-Hoc|Any CPU.ActiveCfg = Release|Any CPU
		{085323C3-D4FC-492A-A2C2-A8F9D44B2CF0}.Ad-Hoc|Any CPU.Build.0 = Release|Any CPU
		{085323C3-D4FC-492A-A2C2-A8F9D44B2CF0}.Ad-Hoc|iPhone.ActiveCfg = Release|Any CPU
		{085323C3-D4FC-492A-A2C2-A8F9D44B2CF0}.Ad-Hoc|iPhone.Build.0 = Release|Any CPU
		{085323C3-D4FC-492A-A2C2-A8F9D44B2CF0}.Ad-Hoc|iPhoneSimulator.ActiveCfg = Release|Any CPU
		{085323C3-D4FC-492A-A2C2-A8F9D44B2CF0}.Ad-Hoc|iPhoneSimulator.Build.0 = Release|Any CPU
		{085323C3-D4FC-492A-A2C2-A8F9D44B2CF0}.AppStore|Any CPU.ActiveCfg = Release|Any CPU
		{085323C3-D4FC-492A-A2C2-A8F9D44B2CF0}.AppStore|Any CPU.Build.0 = Release|Any CPU
		{085323C3-D4FC-492A-A2C2-A8F9D44B2CF0}.AppStore|iPhone.ActiveCfg = Release|Any CPU
		{085323C3-D4FC-492A-A2C2-A8F9D44B2CF0}.AppStore|iPhone.Build.0 = Release|Any CPU
		{085323C3-D4FC-492A-A2C2-A8F9D44B2CF0}.AppStore|iPhoneSimulator.ActiveCfg = Release|Any CPU
		{085323C3-D4FC-492A-A2C2-A8F9D44B2CF0}.AppStore|iPhoneSimulator.Build.0 = Release|Any CPU
		{085323C3-D4FC-492A-A2C2-A8F9D44B2CF0}.Debug|Any CPU.ActiveCfg = Debug|Any CPU
		{085323C3-D4FC-492A-A2C2-A8F9D44B2CF0}.Debug|Any CPU.Build.0 = Debug|Any CPU
		{085323C3-D4FC-492A-A2C2-A8F9D44B2CF0}.Debug|iPhone.ActiveCfg = Debug|Any CPU
		{085323C3-D4FC-492A-A2C2-A8F9D44B2CF0}.Debug|iPhone.Build.0 = Debug|Any CPU
		{085323C3-D4FC-492A-A2C2-A8F9D44B2CF0}.Debug|iPhoneSimulator.ActiveCfg = Debug|Any CPU
		{085323C3-D4FC-492A-A2C2-A8F9D44B2CF0}.Debug|iPhoneSimulator.Build.0 = Debug|Any CPU
		{085323C3-D4FC-492A-A2C2-A8F9D44B2CF0}.Release|Any CPU.ActiveCfg = Release|Any CPU
		{085323C3-D4FC-492A-A2C2-A8F9D44B2CF0}.Release|Any CPU.Build.0 = Release|Any CPU
		{085323C3-D4FC-492A-A2C2-A8F9D44B2CF0}.Release|iPhone.ActiveCfg = Release|Any CPU
		{085323C3-D4FC-492A-A2C2-A8F9D44B2CF0}.Release|iPhone.Build.0 = Release|Any CPU
		{085323C3-D4FC-492A-A2C2-A8F9D44B2CF0}.Release|iPhoneSimulator.ActiveCfg = Release|Any CPU
		{085323C3-D4FC-492A-A2C2-A8F9D44B2CF0}.Release|iPhoneSimulator.Build.0 = Release|Any CPU
		{B182F25C-8815-4E60-BDA1-F47FC7414FBF}.Ad-Hoc|Any CPU.ActiveCfg = Release|Any CPU
		{B182F25C-8815-4E60-BDA1-F47FC7414FBF}.Ad-Hoc|Any CPU.Build.0 = Release|Any CPU
		{B182F25C-8815-4E60-BDA1-F47FC7414FBF}.Ad-Hoc|iPhone.ActiveCfg = Release|Any CPU
		{B182F25C-8815-4E60-BDA1-F47FC7414FBF}.Ad-Hoc|iPhone.Build.0 = Release|Any CPU
		{B182F25C-8815-4E60-BDA1-F47FC7414FBF}.Ad-Hoc|iPhoneSimulator.ActiveCfg = Release|Any CPU
		{B182F25C-8815-4E60-BDA1-F47FC7414FBF}.Ad-Hoc|iPhoneSimulator.Build.0 = Release|Any CPU
		{B182F25C-8815-4E60-BDA1-F47FC7414FBF}.AppStore|Any CPU.ActiveCfg = Release|Any CPU
		{B182F25C-8815-4E60-BDA1-F47FC7414FBF}.AppStore|Any CPU.Build.0 = Release|Any CPU
		{B182F25C-8815-4E60-BDA1-F47FC7414FBF}.AppStore|iPhone.ActiveCfg = Release|Any CPU
		{B182F25C-8815-4E60-BDA1-F47FC7414FBF}.AppStore|iPhone.Build.0 = Release|Any CPU
		{B182F25C-8815-4E60-BDA1-F47FC7414FBF}.AppStore|iPhoneSimulator.ActiveCfg = Release|Any CPU
		{B182F25C-8815-4E60-BDA1-F47FC7414FBF}.AppStore|iPhoneSimulator.Build.0 = Release|Any CPU
		{B182F25C-8815-4E60-BDA1-F47FC7414FBF}.Debug|Any CPU.ActiveCfg = Debug|Any CPU
		{B182F25C-8815-4E60-BDA1-F47FC7414FBF}.Debug|Any CPU.Build.0 = Debug|Any CPU
		{B182F25C-8815-4E60-BDA1-F47FC7414FBF}.Debug|iPhone.ActiveCfg = Debug|Any CPU
		{B182F25C-8815-4E60-BDA1-F47FC7414FBF}.Debug|iPhone.Build.0 = Debug|Any CPU
		{B182F25C-8815-4E60-BDA1-F47FC7414FBF}.Debug|iPhoneSimulator.ActiveCfg = Debug|Any CPU
		{B182F25C-8815-4E60-BDA1-F47FC7414FBF}.Debug|iPhoneSimulator.Build.0 = Debug|Any CPU
		{B182F25C-8815-4E60-BDA1-F47FC7414FBF}.Release|Any CPU.ActiveCfg = Release|Any CPU
		{B182F25C-8815-4E60-BDA1-F47FC7414FBF}.Release|Any CPU.Build.0 = Release|Any CPU
		{B182F25C-8815-4E60-BDA1-F47FC7414FBF}.Release|iPhone.ActiveCfg = Release|Any CPU
		{B182F25C-8815-4E60-BDA1-F47FC7414FBF}.Release|iPhone.Build.0 = Release|Any CPU
		{B182F25C-8815-4E60-BDA1-F47FC7414FBF}.Release|iPhoneSimulator.ActiveCfg = Release|Any CPU
		{B182F25C-8815-4E60-BDA1-F47FC7414FBF}.Release|iPhoneSimulator.Build.0 = Release|Any CPU
		{CB9FCEBE-9CA1-4480-9533-8369471D0F1A}.Ad-Hoc|Any CPU.ActiveCfg = Release|Any CPU
		{CB9FCEBE-9CA1-4480-9533-8369471D0F1A}.Ad-Hoc|Any CPU.Build.0 = Release|Any CPU
		{CB9FCEBE-9CA1-4480-9533-8369471D0F1A}.Ad-Hoc|iPhone.ActiveCfg = Release|Any CPU
		{CB9FCEBE-9CA1-4480-9533-8369471D0F1A}.Ad-Hoc|iPhone.Build.0 = Release|Any CPU
		{CB9FCEBE-9CA1-4480-9533-8369471D0F1A}.Ad-Hoc|iPhoneSimulator.ActiveCfg = Release|Any CPU
		{CB9FCEBE-9CA1-4480-9533-8369471D0F1A}.Ad-Hoc|iPhoneSimulator.Build.0 = Release|Any CPU
		{CB9FCEBE-9CA1-4480-9533-8369471D0F1A}.AppStore|Any CPU.ActiveCfg = Release|Any CPU
		{CB9FCEBE-9CA1-4480-9533-8369471D0F1A}.AppStore|Any CPU.Build.0 = Release|Any CPU
		{CB9FCEBE-9CA1-4480-9533-8369471D0F1A}.AppStore|iPhone.ActiveCfg = Release|Any CPU
		{CB9FCEBE-9CA1-4480-9533-8369471D0F1A}.AppStore|iPhone.Build.0 = Release|Any CPU
		{CB9FCEBE-9CA1-4480-9533-8369471D0F1A}.AppStore|iPhoneSimulator.ActiveCfg = Release|Any CPU
		{CB9FCEBE-9CA1-4480-9533-8369471D0F1A}.AppStore|iPhoneSimulator.Build.0 = Release|Any CPU
		{CB9FCEBE-9CA1-4480-9533-8369471D0F1A}.Debug|Any CPU.ActiveCfg = Debug|Any CPU
		{CB9FCEBE-9CA1-4480-9533-8369471D0F1A}.Debug|Any CPU.Build.0 = Debug|Any CPU
		{CB9FCEBE-9CA1-4480-9533-8369471D0F1A}.Debug|iPhone.ActiveCfg = Debug|Any CPU
		{CB9FCEBE-9CA1-4480-9533-8369471D0F1A}.Debug|iPhone.Build.0 = Debug|Any CPU
		{CB9FCEBE-9CA1-4480-9533-8369471D0F1A}.Debug|iPhoneSimulator.ActiveCfg = Debug|Any CPU
		{CB9FCEBE-9CA1-4480-9533-8369471D0F1A}.Debug|iPhoneSimulator.Build.0 = Debug|Any CPU
		{CB9FCEBE-9CA1-4480-9533-8369471D0F1A}.Release|Any CPU.ActiveCfg = Release|Any CPU
		{CB9FCEBE-9CA1-4480-9533-8369471D0F1A}.Release|Any CPU.Build.0 = Release|Any CPU
		{CB9FCEBE-9CA1-4480-9533-8369471D0F1A}.Release|iPhone.ActiveCfg = Release|Any CPU
		{CB9FCEBE-9CA1-4480-9533-8369471D0F1A}.Release|iPhone.Build.0 = Release|Any CPU
		{CB9FCEBE-9CA1-4480-9533-8369471D0F1A}.Release|iPhoneSimulator.ActiveCfg = Release|Any CPU
		{CB9FCEBE-9CA1-4480-9533-8369471D0F1A}.Release|iPhoneSimulator.Build.0 = Release|Any CPU
		{D4FC7BD2-832C-4E2C-B7CA-1F867CAFBF06}.Ad-Hoc|Any CPU.ActiveCfg = Release|Any CPU
		{D4FC7BD2-832C-4E2C-B7CA-1F867CAFBF06}.Ad-Hoc|Any CPU.Build.0 = Release|Any CPU
		{D4FC7BD2-832C-4E2C-B7CA-1F867CAFBF06}.Ad-Hoc|iPhone.ActiveCfg = Release|Any CPU
		{D4FC7BD2-832C-4E2C-B7CA-1F867CAFBF06}.Ad-Hoc|iPhone.Build.0 = Release|Any CPU
		{D4FC7BD2-832C-4E2C-B7CA-1F867CAFBF06}.Ad-Hoc|iPhoneSimulator.ActiveCfg = Release|Any CPU
		{D4FC7BD2-832C-4E2C-B7CA-1F867CAFBF06}.Ad-Hoc|iPhoneSimulator.Build.0 = Release|Any CPU
		{D4FC7BD2-832C-4E2C-B7CA-1F867CAFBF06}.AppStore|Any CPU.ActiveCfg = Release|Any CPU
		{D4FC7BD2-832C-4E2C-B7CA-1F867CAFBF06}.AppStore|Any CPU.Build.0 = Release|Any CPU
		{D4FC7BD2-832C-4E2C-B7CA-1F867CAFBF06}.AppStore|iPhone.ActiveCfg = Release|Any CPU
		{D4FC7BD2-832C-4E2C-B7CA-1F867CAFBF06}.AppStore|iPhone.Build.0 = Release|Any CPU
		{D4FC7BD2-832C-4E2C-B7CA-1F867CAFBF06}.AppStore|iPhoneSimulator.ActiveCfg = Release|Any CPU
		{D4FC7BD2-832C-4E2C-B7CA-1F867CAFBF06}.AppStore|iPhoneSimulator.Build.0 = Release|Any CPU
		{D4FC7BD2-832C-4E2C-B7CA-1F867CAFBF06}.Debug|Any CPU.ActiveCfg = Debug|Any CPU
		{D4FC7BD2-832C-4E2C-B7CA-1F867CAFBF06}.Debug|Any CPU.Build.0 = Debug|Any CPU
		{D4FC7BD2-832C-4E2C-B7CA-1F867CAFBF06}.Debug|iPhone.ActiveCfg = Debug|Any CPU
		{D4FC7BD2-832C-4E2C-B7CA-1F867CAFBF06}.Debug|iPhone.Build.0 = Debug|Any CPU
		{D4FC7BD2-832C-4E2C-B7CA-1F867CAFBF06}.Debug|iPhoneSimulator.ActiveCfg = Debug|Any CPU
		{D4FC7BD2-832C-4E2C-B7CA-1F867CAFBF06}.Debug|iPhoneSimulator.Build.0 = Debug|Any CPU
		{D4FC7BD2-832C-4E2C-B7CA-1F867CAFBF06}.Release|Any CPU.ActiveCfg = Release|Any CPU
		{D4FC7BD2-832C-4E2C-B7CA-1F867CAFBF06}.Release|Any CPU.Build.0 = Release|Any CPU
		{D4FC7BD2-832C-4E2C-B7CA-1F867CAFBF06}.Release|iPhone.ActiveCfg = Release|Any CPU
		{D4FC7BD2-832C-4E2C-B7CA-1F867CAFBF06}.Release|iPhone.Build.0 = Release|Any CPU
		{D4FC7BD2-832C-4E2C-B7CA-1F867CAFBF06}.Release|iPhoneSimulator.ActiveCfg = Release|Any CPU
		{D4FC7BD2-832C-4E2C-B7CA-1F867CAFBF06}.Release|iPhoneSimulator.Build.0 = Release|Any CPU
		{C462F68A-187D-464F-A9DE-2C48E26A44D6}.Ad-Hoc|Any CPU.ActiveCfg = Release|Any CPU
		{C462F68A-187D-464F-A9DE-2C48E26A44D6}.Ad-Hoc|Any CPU.Build.0 = Release|Any CPU
		{C462F68A-187D-464F-A9DE-2C48E26A44D6}.Ad-Hoc|iPhone.ActiveCfg = Release|Any CPU
		{C462F68A-187D-464F-A9DE-2C48E26A44D6}.Ad-Hoc|iPhone.Build.0 = Release|Any CPU
		{C462F68A-187D-464F-A9DE-2C48E26A44D6}.Ad-Hoc|iPhoneSimulator.ActiveCfg = Release|Any CPU
		{C462F68A-187D-464F-A9DE-2C48E26A44D6}.Ad-Hoc|iPhoneSimulator.Build.0 = Release|Any CPU
		{C462F68A-187D-464F-A9DE-2C48E26A44D6}.AppStore|Any CPU.ActiveCfg = Release|Any CPU
		{C462F68A-187D-464F-A9DE-2C48E26A44D6}.AppStore|Any CPU.Build.0 = Release|Any CPU
		{C462F68A-187D-464F-A9DE-2C48E26A44D6}.AppStore|iPhone.ActiveCfg = Release|Any CPU
		{C462F68A-187D-464F-A9DE-2C48E26A44D6}.AppStore|iPhone.Build.0 = Release|Any CPU
		{C462F68A-187D-464F-A9DE-2C48E26A44D6}.AppStore|iPhoneSimulator.ActiveCfg = Release|Any CPU
		{C462F68A-187D-464F-A9DE-2C48E26A44D6}.AppStore|iPhoneSimulator.Build.0 = Release|Any CPU
		{C462F68A-187D-464F-A9DE-2C48E26A44D6}.Debug|Any CPU.ActiveCfg = Debug|Any CPU
		{C462F68A-187D-464F-A9DE-2C48E26A44D6}.Debug|Any CPU.Build.0 = Debug|Any CPU
		{C462F68A-187D-464F-A9DE-2C48E26A44D6}.Debug|iPhone.ActiveCfg = Debug|Any CPU
		{C462F68A-187D-464F-A9DE-2C48E26A44D6}.Debug|iPhone.Build.0 = Debug|Any CPU
		{C462F68A-187D-464F-A9DE-2C48E26A44D6}.Debug|iPhoneSimulator.ActiveCfg = Debug|Any CPU
		{C462F68A-187D-464F-A9DE-2C48E26A44D6}.Debug|iPhoneSimulator.Build.0 = Debug|Any CPU
		{C462F68A-187D-464F-A9DE-2C48E26A44D6}.Release|Any CPU.ActiveCfg = Release|Any CPU
		{C462F68A-187D-464F-A9DE-2C48E26A44D6}.Release|Any CPU.Build.0 = Release|Any CPU
		{C462F68A-187D-464F-A9DE-2C48E26A44D6}.Release|iPhone.ActiveCfg = Release|Any CPU
		{C462F68A-187D-464F-A9DE-2C48E26A44D6}.Release|iPhone.Build.0 = Release|Any CPU
		{C462F68A-187D-464F-A9DE-2C48E26A44D6}.Release|iPhoneSimulator.ActiveCfg = Release|Any CPU
		{C462F68A-187D-464F-A9DE-2C48E26A44D6}.Release|iPhoneSimulator.Build.0 = Release|Any CPU
		{CD4EF498-3241-4F80-B71E-8D3F7F6EE6F3}.Ad-Hoc|Any CPU.ActiveCfg = Release|Any CPU
		{CD4EF498-3241-4F80-B71E-8D3F7F6EE6F3}.Ad-Hoc|Any CPU.Build.0 = Release|Any CPU
		{CD4EF498-3241-4F80-B71E-8D3F7F6EE6F3}.Ad-Hoc|iPhone.ActiveCfg = Release|Any CPU
		{CD4EF498-3241-4F80-B71E-8D3F7F6EE6F3}.Ad-Hoc|iPhone.Build.0 = Release|Any CPU
		{CD4EF498-3241-4F80-B71E-8D3F7F6EE6F3}.Ad-Hoc|iPhoneSimulator.ActiveCfg = Release|Any CPU
		{CD4EF498-3241-4F80-B71E-8D3F7F6EE6F3}.Ad-Hoc|iPhoneSimulator.Build.0 = Release|Any CPU
		{CD4EF498-3241-4F80-B71E-8D3F7F6EE6F3}.AppStore|Any CPU.ActiveCfg = Release|Any CPU
		{CD4EF498-3241-4F80-B71E-8D3F7F6EE6F3}.AppStore|Any CPU.Build.0 = Release|Any CPU
		{CD4EF498-3241-4F80-B71E-8D3F7F6EE6F3}.AppStore|iPhone.ActiveCfg = Release|Any CPU
		{CD4EF498-3241-4F80-B71E-8D3F7F6EE6F3}.AppStore|iPhone.Build.0 = Release|Any CPU
		{CD4EF498-3241-4F80-B71E-8D3F7F6EE6F3}.AppStore|iPhoneSimulator.ActiveCfg = Release|Any CPU
		{CD4EF498-3241-4F80-B71E-8D3F7F6EE6F3}.AppStore|iPhoneSimulator.Build.0 = Release|Any CPU
		{CD4EF498-3241-4F80-B71E-8D3F7F6EE6F3}.Debug|Any CPU.ActiveCfg = Debug|Any CPU
		{CD4EF498-3241-4F80-B71E-8D3F7F6EE6F3}.Debug|Any CPU.Build.0 = Debug|Any CPU
		{CD4EF498-3241-4F80-B71E-8D3F7F6EE6F3}.Debug|iPhone.ActiveCfg = Debug|Any CPU
		{CD4EF498-3241-4F80-B71E-8D3F7F6EE6F3}.Debug|iPhone.Build.0 = Debug|Any CPU
		{CD4EF498-3241-4F80-B71E-8D3F7F6EE6F3}.Debug|iPhoneSimulator.ActiveCfg = Debug|Any CPU
		{CD4EF498-3241-4F80-B71E-8D3F7F6EE6F3}.Debug|iPhoneSimulator.Build.0 = Debug|Any CPU
		{CD4EF498-3241-4F80-B71E-8D3F7F6EE6F3}.Release|Any CPU.ActiveCfg = Release|Any CPU
		{CD4EF498-3241-4F80-B71E-8D3F7F6EE6F3}.Release|Any CPU.Build.0 = Release|Any CPU
		{CD4EF498-3241-4F80-B71E-8D3F7F6EE6F3}.Release|iPhone.ActiveCfg = Release|Any CPU
		{CD4EF498-3241-4F80-B71E-8D3F7F6EE6F3}.Release|iPhone.Build.0 = Release|Any CPU
		{CD4EF498-3241-4F80-B71E-8D3F7F6EE6F3}.Release|iPhoneSimulator.ActiveCfg = Release|Any CPU
		{CD4EF498-3241-4F80-B71E-8D3F7F6EE6F3}.Release|iPhoneSimulator.Build.0 = Release|Any CPU
		{0F218004-2137-4020-9882-D0B558C8B9BD}.Ad-Hoc|Any CPU.ActiveCfg = Release|Any CPU
		{0F218004-2137-4020-9882-D0B558C8B9BD}.Ad-Hoc|Any CPU.Build.0 = Release|Any CPU
		{0F218004-2137-4020-9882-D0B558C8B9BD}.Ad-Hoc|iPhone.ActiveCfg = Release|Any CPU
		{0F218004-2137-4020-9882-D0B558C8B9BD}.Ad-Hoc|iPhone.Build.0 = Release|Any CPU
		{0F218004-2137-4020-9882-D0B558C8B9BD}.Ad-Hoc|iPhoneSimulator.ActiveCfg = Release|Any CPU
		{0F218004-2137-4020-9882-D0B558C8B9BD}.Ad-Hoc|iPhoneSimulator.Build.0 = Release|Any CPU
		{0F218004-2137-4020-9882-D0B558C8B9BD}.AppStore|Any CPU.ActiveCfg = Release|Any CPU
		{0F218004-2137-4020-9882-D0B558C8B9BD}.AppStore|Any CPU.Build.0 = Release|Any CPU
		{0F218004-2137-4020-9882-D0B558C8B9BD}.AppStore|iPhone.ActiveCfg = Release|Any CPU
		{0F218004-2137-4020-9882-D0B558C8B9BD}.AppStore|iPhone.Build.0 = Release|Any CPU
		{0F218004-2137-4020-9882-D0B558C8B9BD}.AppStore|iPhoneSimulator.ActiveCfg = Release|Any CPU
		{0F218004-2137-4020-9882-D0B558C8B9BD}.AppStore|iPhoneSimulator.Build.0 = Release|Any CPU
		{0F218004-2137-4020-9882-D0B558C8B9BD}.Debug|Any CPU.ActiveCfg = Debug|Any CPU
		{0F218004-2137-4020-9882-D0B558C8B9BD}.Debug|Any CPU.Build.0 = Debug|Any CPU
		{0F218004-2137-4020-9882-D0B558C8B9BD}.Debug|iPhone.ActiveCfg = Debug|Any CPU
		{0F218004-2137-4020-9882-D0B558C8B9BD}.Debug|iPhone.Build.0 = Debug|Any CPU
		{0F218004-2137-4020-9882-D0B558C8B9BD}.Debug|iPhoneSimulator.ActiveCfg = Debug|Any CPU
		{0F218004-2137-4020-9882-D0B558C8B9BD}.Debug|iPhoneSimulator.Build.0 = Debug|Any CPU
		{0F218004-2137-4020-9882-D0B558C8B9BD}.Release|Any CPU.ActiveCfg = Release|Any CPU
		{0F218004-2137-4020-9882-D0B558C8B9BD}.Release|Any CPU.Build.0 = Release|Any CPU
		{0F218004-2137-4020-9882-D0B558C8B9BD}.Release|iPhone.ActiveCfg = Release|Any CPU
		{0F218004-2137-4020-9882-D0B558C8B9BD}.Release|iPhone.Build.0 = Release|Any CPU
		{0F218004-2137-4020-9882-D0B558C8B9BD}.Release|iPhoneSimulator.ActiveCfg = Release|Any CPU
		{0F218004-2137-4020-9882-D0B558C8B9BD}.Release|iPhoneSimulator.Build.0 = Release|Any CPU
		{2914DD2A-E46F-41E7-86D8-AA427873BDBC}.Ad-Hoc|Any CPU.ActiveCfg = Release|Any CPU
		{2914DD2A-E46F-41E7-86D8-AA427873BDBC}.Ad-Hoc|Any CPU.Build.0 = Release|Any CPU
		{2914DD2A-E46F-41E7-86D8-AA427873BDBC}.Ad-Hoc|iPhone.ActiveCfg = Release|Any CPU
		{2914DD2A-E46F-41E7-86D8-AA427873BDBC}.Ad-Hoc|iPhone.Build.0 = Release|Any CPU
		{2914DD2A-E46F-41E7-86D8-AA427873BDBC}.Ad-Hoc|iPhoneSimulator.ActiveCfg = Release|Any CPU
		{2914DD2A-E46F-41E7-86D8-AA427873BDBC}.Ad-Hoc|iPhoneSimulator.Build.0 = Release|Any CPU
		{2914DD2A-E46F-41E7-86D8-AA427873BDBC}.AppStore|Any CPU.ActiveCfg = Release|Any CPU
		{2914DD2A-E46F-41E7-86D8-AA427873BDBC}.AppStore|Any CPU.Build.0 = Release|Any CPU
		{2914DD2A-E46F-41E7-86D8-AA427873BDBC}.AppStore|iPhone.ActiveCfg = Release|Any CPU
		{2914DD2A-E46F-41E7-86D8-AA427873BDBC}.AppStore|iPhone.Build.0 = Release|Any CPU
		{2914DD2A-E46F-41E7-86D8-AA427873BDBC}.AppStore|iPhoneSimulator.ActiveCfg = Release|Any CPU
		{2914DD2A-E46F-41E7-86D8-AA427873BDBC}.AppStore|iPhoneSimulator.Build.0 = Release|Any CPU
		{2914DD2A-E46F-41E7-86D8-AA427873BDBC}.Debug|Any CPU.ActiveCfg = Debug|Any CPU
		{2914DD2A-E46F-41E7-86D8-AA427873BDBC}.Debug|Any CPU.Build.0 = Debug|Any CPU
		{2914DD2A-E46F-41E7-86D8-AA427873BDBC}.Debug|iPhone.ActiveCfg = Debug|Any CPU
		{2914DD2A-E46F-41E7-86D8-AA427873BDBC}.Debug|iPhone.Build.0 = Debug|Any CPU
		{2914DD2A-E46F-41E7-86D8-AA427873BDBC}.Debug|iPhoneSimulator.ActiveCfg = Debug|Any CPU
		{2914DD2A-E46F-41E7-86D8-AA427873BDBC}.Debug|iPhoneSimulator.Build.0 = Debug|Any CPU
		{2914DD2A-E46F-41E7-86D8-AA427873BDBC}.Release|Any CPU.ActiveCfg = Release|Any CPU
		{2914DD2A-E46F-41E7-86D8-AA427873BDBC}.Release|Any CPU.Build.0 = Release|Any CPU
		{2914DD2A-E46F-41E7-86D8-AA427873BDBC}.Release|iPhone.ActiveCfg = Release|Any CPU
		{2914DD2A-E46F-41E7-86D8-AA427873BDBC}.Release|iPhone.Build.0 = Release|Any CPU
		{2914DD2A-E46F-41E7-86D8-AA427873BDBC}.Release|iPhoneSimulator.ActiveCfg = Release|Any CPU
		{2914DD2A-E46F-41E7-86D8-AA427873BDBC}.Release|iPhoneSimulator.Build.0 = Release|Any CPU
		{DF60059D-6278-4BC6-A4E7-610C104E1066}.Ad-Hoc|Any CPU.ActiveCfg = Release|Any CPU
		{DF60059D-6278-4BC6-A4E7-610C104E1066}.Ad-Hoc|Any CPU.Build.0 = Release|Any CPU
		{DF60059D-6278-4BC6-A4E7-610C104E1066}.Ad-Hoc|iPhone.ActiveCfg = Release|Any CPU
		{DF60059D-6278-4BC6-A4E7-610C104E1066}.Ad-Hoc|iPhone.Build.0 = Release|Any CPU
		{DF60059D-6278-4BC6-A4E7-610C104E1066}.Ad-Hoc|iPhoneSimulator.ActiveCfg = Release|Any CPU
		{DF60059D-6278-4BC6-A4E7-610C104E1066}.Ad-Hoc|iPhoneSimulator.Build.0 = Release|Any CPU
		{DF60059D-6278-4BC6-A4E7-610C104E1066}.AppStore|Any CPU.ActiveCfg = Release|Any CPU
		{DF60059D-6278-4BC6-A4E7-610C104E1066}.AppStore|Any CPU.Build.0 = Release|Any CPU
		{DF60059D-6278-4BC6-A4E7-610C104E1066}.AppStore|iPhone.ActiveCfg = Release|Any CPU
		{DF60059D-6278-4BC6-A4E7-610C104E1066}.AppStore|iPhone.Build.0 = Release|Any CPU
		{DF60059D-6278-4BC6-A4E7-610C104E1066}.AppStore|iPhoneSimulator.ActiveCfg = Release|Any CPU
		{DF60059D-6278-4BC6-A4E7-610C104E1066}.AppStore|iPhoneSimulator.Build.0 = Release|Any CPU
		{DF60059D-6278-4BC6-A4E7-610C104E1066}.Debug|Any CPU.ActiveCfg = Debug|Any CPU
		{DF60059D-6278-4BC6-A4E7-610C104E1066}.Debug|Any CPU.Build.0 = Debug|Any CPU
		{DF60059D-6278-4BC6-A4E7-610C104E1066}.Debug|iPhone.ActiveCfg = Debug|Any CPU
		{DF60059D-6278-4BC6-A4E7-610C104E1066}.Debug|iPhone.Build.0 = Debug|Any CPU
		{DF60059D-6278-4BC6-A4E7-610C104E1066}.Debug|iPhoneSimulator.ActiveCfg = Debug|Any CPU
		{DF60059D-6278-4BC6-A4E7-610C104E1066}.Debug|iPhoneSimulator.Build.0 = Debug|Any CPU
		{DF60059D-6278-4BC6-A4E7-610C104E1066}.Release|Any CPU.ActiveCfg = Release|Any CPU
		{DF60059D-6278-4BC6-A4E7-610C104E1066}.Release|Any CPU.Build.0 = Release|Any CPU
		{DF60059D-6278-4BC6-A4E7-610C104E1066}.Release|iPhone.ActiveCfg = Release|Any CPU
		{DF60059D-6278-4BC6-A4E7-610C104E1066}.Release|iPhone.Build.0 = Release|Any CPU
		{DF60059D-6278-4BC6-A4E7-610C104E1066}.Release|iPhoneSimulator.ActiveCfg = Release|Any CPU
		{DF60059D-6278-4BC6-A4E7-610C104E1066}.Release|iPhoneSimulator.Build.0 = Release|Any CPU
		{477D2EAE-5E0C-4B29-AF6B-5FC987FE66AF}.Ad-Hoc|Any CPU.ActiveCfg = Release|Any CPU
		{477D2EAE-5E0C-4B29-AF6B-5FC987FE66AF}.Ad-Hoc|Any CPU.Build.0 = Release|Any CPU
		{477D2EAE-5E0C-4B29-AF6B-5FC987FE66AF}.Ad-Hoc|iPhone.ActiveCfg = Release|Any CPU
		{477D2EAE-5E0C-4B29-AF6B-5FC987FE66AF}.Ad-Hoc|iPhone.Build.0 = Release|Any CPU
		{477D2EAE-5E0C-4B29-AF6B-5FC987FE66AF}.Ad-Hoc|iPhoneSimulator.ActiveCfg = Release|Any CPU
		{477D2EAE-5E0C-4B29-AF6B-5FC987FE66AF}.Ad-Hoc|iPhoneSimulator.Build.0 = Release|Any CPU
		{477D2EAE-5E0C-4B29-AF6B-5FC987FE66AF}.AppStore|Any CPU.ActiveCfg = Release|Any CPU
		{477D2EAE-5E0C-4B29-AF6B-5FC987FE66AF}.AppStore|Any CPU.Build.0 = Release|Any CPU
		{477D2EAE-5E0C-4B29-AF6B-5FC987FE66AF}.AppStore|iPhone.ActiveCfg = Release|Any CPU
		{477D2EAE-5E0C-4B29-AF6B-5FC987FE66AF}.AppStore|iPhone.Build.0 = Release|Any CPU
		{477D2EAE-5E0C-4B29-AF6B-5FC987FE66AF}.AppStore|iPhoneSimulator.ActiveCfg = Release|Any CPU
		{477D2EAE-5E0C-4B29-AF6B-5FC987FE66AF}.AppStore|iPhoneSimulator.Build.0 = Release|Any CPU
		{477D2EAE-5E0C-4B29-AF6B-5FC987FE66AF}.Debug|Any CPU.ActiveCfg = Debug|Any CPU
		{477D2EAE-5E0C-4B29-AF6B-5FC987FE66AF}.Debug|Any CPU.Build.0 = Debug|Any CPU
		{477D2EAE-5E0C-4B29-AF6B-5FC987FE66AF}.Debug|iPhone.ActiveCfg = Debug|Any CPU
		{477D2EAE-5E0C-4B29-AF6B-5FC987FE66AF}.Debug|iPhone.Build.0 = Debug|Any CPU
		{477D2EAE-5E0C-4B29-AF6B-5FC987FE66AF}.Debug|iPhoneSimulator.ActiveCfg = Debug|Any CPU
		{477D2EAE-5E0C-4B29-AF6B-5FC987FE66AF}.Debug|iPhoneSimulator.Build.0 = Debug|Any CPU
		{477D2EAE-5E0C-4B29-AF6B-5FC987FE66AF}.Release|Any CPU.ActiveCfg = Release|Any CPU
		{477D2EAE-5E0C-4B29-AF6B-5FC987FE66AF}.Release|Any CPU.Build.0 = Release|Any CPU
		{477D2EAE-5E0C-4B29-AF6B-5FC987FE66AF}.Release|iPhone.ActiveCfg = Release|Any CPU
		{477D2EAE-5E0C-4B29-AF6B-5FC987FE66AF}.Release|iPhone.Build.0 = Release|Any CPU
		{477D2EAE-5E0C-4B29-AF6B-5FC987FE66AF}.Release|iPhoneSimulator.ActiveCfg = Release|Any CPU
		{477D2EAE-5E0C-4B29-AF6B-5FC987FE66AF}.Release|iPhoneSimulator.Build.0 = Release|Any CPU
		{7048F58A-2B32-472D-BB47-BB0FD6B7F03F}.Ad-Hoc|Any CPU.ActiveCfg = Release|Any CPU
		{7048F58A-2B32-472D-BB47-BB0FD6B7F03F}.Ad-Hoc|Any CPU.Build.0 = Release|Any CPU
		{7048F58A-2B32-472D-BB47-BB0FD6B7F03F}.Ad-Hoc|iPhone.ActiveCfg = Release|Any CPU
		{7048F58A-2B32-472D-BB47-BB0FD6B7F03F}.Ad-Hoc|iPhone.Build.0 = Release|Any CPU
		{7048F58A-2B32-472D-BB47-BB0FD6B7F03F}.Ad-Hoc|iPhoneSimulator.ActiveCfg = Release|Any CPU
		{7048F58A-2B32-472D-BB47-BB0FD6B7F03F}.Ad-Hoc|iPhoneSimulator.Build.0 = Release|Any CPU
		{7048F58A-2B32-472D-BB47-BB0FD6B7F03F}.AppStore|Any CPU.ActiveCfg = Release|Any CPU
		{7048F58A-2B32-472D-BB47-BB0FD6B7F03F}.AppStore|Any CPU.Build.0 = Release|Any CPU
		{7048F58A-2B32-472D-BB47-BB0FD6B7F03F}.AppStore|iPhone.ActiveCfg = Release|Any CPU
		{7048F58A-2B32-472D-BB47-BB0FD6B7F03F}.AppStore|iPhone.Build.0 = Release|Any CPU
		{7048F58A-2B32-472D-BB47-BB0FD6B7F03F}.AppStore|iPhoneSimulator.ActiveCfg = Release|Any CPU
		{7048F58A-2B32-472D-BB47-BB0FD6B7F03F}.AppStore|iPhoneSimulator.Build.0 = Release|Any CPU
		{7048F58A-2B32-472D-BB47-BB0FD6B7F03F}.Debug|Any CPU.ActiveCfg = Debug|Any CPU
		{7048F58A-2B32-472D-BB47-BB0FD6B7F03F}.Debug|Any CPU.Build.0 = Debug|Any CPU
		{7048F58A-2B32-472D-BB47-BB0FD6B7F03F}.Debug|iPhone.ActiveCfg = Debug|Any CPU
		{7048F58A-2B32-472D-BB47-BB0FD6B7F03F}.Debug|iPhone.Build.0 = Debug|Any CPU
		{7048F58A-2B32-472D-BB47-BB0FD6B7F03F}.Debug|iPhoneSimulator.ActiveCfg = Debug|Any CPU
		{7048F58A-2B32-472D-BB47-BB0FD6B7F03F}.Debug|iPhoneSimulator.Build.0 = Debug|Any CPU
		{7048F58A-2B32-472D-BB47-BB0FD6B7F03F}.Release|Any CPU.ActiveCfg = Release|Any CPU
		{7048F58A-2B32-472D-BB47-BB0FD6B7F03F}.Release|Any CPU.Build.0 = Release|Any CPU
		{7048F58A-2B32-472D-BB47-BB0FD6B7F03F}.Release|iPhone.ActiveCfg = Release|Any CPU
		{7048F58A-2B32-472D-BB47-BB0FD6B7F03F}.Release|iPhone.Build.0 = Release|Any CPU
		{7048F58A-2B32-472D-BB47-BB0FD6B7F03F}.Release|iPhoneSimulator.ActiveCfg = Release|Any CPU
		{7048F58A-2B32-472D-BB47-BB0FD6B7F03F}.Release|iPhoneSimulator.Build.0 = Release|Any CPU
		{942791A3-B926-46D7-AF8B-6D95EA2FF1EA}.Ad-Hoc|Any CPU.ActiveCfg = Release|Any CPU
		{942791A3-B926-46D7-AF8B-6D95EA2FF1EA}.Ad-Hoc|Any CPU.Build.0 = Release|Any CPU
		{942791A3-B926-46D7-AF8B-6D95EA2FF1EA}.Ad-Hoc|iPhone.ActiveCfg = Release|Any CPU
		{942791A3-B926-46D7-AF8B-6D95EA2FF1EA}.Ad-Hoc|iPhone.Build.0 = Release|Any CPU
		{942791A3-B926-46D7-AF8B-6D95EA2FF1EA}.Ad-Hoc|iPhoneSimulator.ActiveCfg = Release|Any CPU
		{942791A3-B926-46D7-AF8B-6D95EA2FF1EA}.Ad-Hoc|iPhoneSimulator.Build.0 = Release|Any CPU
		{942791A3-B926-46D7-AF8B-6D95EA2FF1EA}.AppStore|Any CPU.ActiveCfg = Release|Any CPU
		{942791A3-B926-46D7-AF8B-6D95EA2FF1EA}.AppStore|Any CPU.Build.0 = Release|Any CPU
		{942791A3-B926-46D7-AF8B-6D95EA2FF1EA}.AppStore|iPhone.ActiveCfg = Release|Any CPU
		{942791A3-B926-46D7-AF8B-6D95EA2FF1EA}.AppStore|iPhone.Build.0 = Release|Any CPU
		{942791A3-B926-46D7-AF8B-6D95EA2FF1EA}.AppStore|iPhoneSimulator.ActiveCfg = Release|Any CPU
		{942791A3-B926-46D7-AF8B-6D95EA2FF1EA}.AppStore|iPhoneSimulator.Build.0 = Release|Any CPU
		{942791A3-B926-46D7-AF8B-6D95EA2FF1EA}.Debug|Any CPU.ActiveCfg = Debug|Any CPU
		{942791A3-B926-46D7-AF8B-6D95EA2FF1EA}.Debug|Any CPU.Build.0 = Debug|Any CPU
		{942791A3-B926-46D7-AF8B-6D95EA2FF1EA}.Debug|iPhone.ActiveCfg = Debug|Any CPU
		{942791A3-B926-46D7-AF8B-6D95EA2FF1EA}.Debug|iPhone.Build.0 = Debug|Any CPU
		{942791A3-B926-46D7-AF8B-6D95EA2FF1EA}.Debug|iPhoneSimulator.ActiveCfg = Debug|Any CPU
		{942791A3-B926-46D7-AF8B-6D95EA2FF1EA}.Debug|iPhoneSimulator.Build.0 = Debug|Any CPU
		{942791A3-B926-46D7-AF8B-6D95EA2FF1EA}.Release|Any CPU.ActiveCfg = Release|Any CPU
		{942791A3-B926-46D7-AF8B-6D95EA2FF1EA}.Release|Any CPU.Build.0 = Release|Any CPU
		{942791A3-B926-46D7-AF8B-6D95EA2FF1EA}.Release|iPhone.ActiveCfg = Release|Any CPU
		{942791A3-B926-46D7-AF8B-6D95EA2FF1EA}.Release|iPhone.Build.0 = Release|Any CPU
		{942791A3-B926-46D7-AF8B-6D95EA2FF1EA}.Release|iPhoneSimulator.ActiveCfg = Release|Any CPU
		{942791A3-B926-46D7-AF8B-6D95EA2FF1EA}.Release|iPhoneSimulator.Build.0 = Release|Any CPU
		{D912701F-1E0C-49B6-9D95-9DB9A868D554}.Ad-Hoc|Any CPU.ActiveCfg = Release|Any CPU
		{D912701F-1E0C-49B6-9D95-9DB9A868D554}.Ad-Hoc|Any CPU.Build.0 = Release|Any CPU
		{D912701F-1E0C-49B6-9D95-9DB9A868D554}.Ad-Hoc|iPhone.ActiveCfg = Release|Any CPU
		{D912701F-1E0C-49B6-9D95-9DB9A868D554}.Ad-Hoc|iPhone.Build.0 = Release|Any CPU
		{D912701F-1E0C-49B6-9D95-9DB9A868D554}.Ad-Hoc|iPhoneSimulator.ActiveCfg = Release|Any CPU
		{D912701F-1E0C-49B6-9D95-9DB9A868D554}.Ad-Hoc|iPhoneSimulator.Build.0 = Release|Any CPU
		{D912701F-1E0C-49B6-9D95-9DB9A868D554}.AppStore|Any CPU.ActiveCfg = Release|Any CPU
		{D912701F-1E0C-49B6-9D95-9DB9A868D554}.AppStore|Any CPU.Build.0 = Release|Any CPU
		{D912701F-1E0C-49B6-9D95-9DB9A868D554}.AppStore|iPhone.ActiveCfg = Release|Any CPU
		{D912701F-1E0C-49B6-9D95-9DB9A868D554}.AppStore|iPhone.Build.0 = Release|Any CPU
		{D912701F-1E0C-49B6-9D95-9DB9A868D554}.AppStore|iPhoneSimulator.ActiveCfg = Release|Any CPU
		{D912701F-1E0C-49B6-9D95-9DB9A868D554}.AppStore|iPhoneSimulator.Build.0 = Release|Any CPU
		{D912701F-1E0C-49B6-9D95-9DB9A868D554}.Debug|Any CPU.ActiveCfg = Debug|Any CPU
		{D912701F-1E0C-49B6-9D95-9DB9A868D554}.Debug|Any CPU.Build.0 = Debug|Any CPU
		{D912701F-1E0C-49B6-9D95-9DB9A868D554}.Debug|iPhone.ActiveCfg = Debug|Any CPU
		{D912701F-1E0C-49B6-9D95-9DB9A868D554}.Debug|iPhone.Build.0 = Debug|Any CPU
		{D912701F-1E0C-49B6-9D95-9DB9A868D554}.Debug|iPhoneSimulator.ActiveCfg = Debug|Any CPU
		{D912701F-1E0C-49B6-9D95-9DB9A868D554}.Debug|iPhoneSimulator.Build.0 = Debug|Any CPU
		{D912701F-1E0C-49B6-9D95-9DB9A868D554}.Release|Any CPU.ActiveCfg = Release|Any CPU
		{D912701F-1E0C-49B6-9D95-9DB9A868D554}.Release|Any CPU.Build.0 = Release|Any CPU
		{D912701F-1E0C-49B6-9D95-9DB9A868D554}.Release|iPhone.ActiveCfg = Release|Any CPU
		{D912701F-1E0C-49B6-9D95-9DB9A868D554}.Release|iPhone.Build.0 = Release|Any CPU
		{D912701F-1E0C-49B6-9D95-9DB9A868D554}.Release|iPhoneSimulator.ActiveCfg = Release|Any CPU
		{D912701F-1E0C-49B6-9D95-9DB9A868D554}.Release|iPhoneSimulator.Build.0 = Release|Any CPU
		{E5CC0A52-A933-4D81-9A6B-1A2592BD787A}.Ad-Hoc|Any CPU.ActiveCfg = Release|Any CPU
		{E5CC0A52-A933-4D81-9A6B-1A2592BD787A}.Ad-Hoc|Any CPU.Build.0 = Release|Any CPU
		{E5CC0A52-A933-4D81-9A6B-1A2592BD787A}.Ad-Hoc|iPhone.ActiveCfg = Release|Any CPU
		{E5CC0A52-A933-4D81-9A6B-1A2592BD787A}.Ad-Hoc|iPhone.Build.0 = Release|Any CPU
		{E5CC0A52-A933-4D81-9A6B-1A2592BD787A}.Ad-Hoc|iPhoneSimulator.ActiveCfg = Release|Any CPU
		{E5CC0A52-A933-4D81-9A6B-1A2592BD787A}.Ad-Hoc|iPhoneSimulator.Build.0 = Release|Any CPU
		{E5CC0A52-A933-4D81-9A6B-1A2592BD787A}.AppStore|Any CPU.ActiveCfg = Release|Any CPU
		{E5CC0A52-A933-4D81-9A6B-1A2592BD787A}.AppStore|Any CPU.Build.0 = Release|Any CPU
		{E5CC0A52-A933-4D81-9A6B-1A2592BD787A}.AppStore|iPhone.ActiveCfg = Release|Any CPU
		{E5CC0A52-A933-4D81-9A6B-1A2592BD787A}.AppStore|iPhone.Build.0 = Release|Any CPU
		{E5CC0A52-A933-4D81-9A6B-1A2592BD787A}.AppStore|iPhoneSimulator.ActiveCfg = Release|Any CPU
		{E5CC0A52-A933-4D81-9A6B-1A2592BD787A}.AppStore|iPhoneSimulator.Build.0 = Release|Any CPU
		{E5CC0A52-A933-4D81-9A6B-1A2592BD787A}.Debug|Any CPU.ActiveCfg = Debug|Any CPU
		{E5CC0A52-A933-4D81-9A6B-1A2592BD787A}.Debug|Any CPU.Build.0 = Debug|Any CPU
		{E5CC0A52-A933-4D81-9A6B-1A2592BD787A}.Debug|iPhone.ActiveCfg = Debug|Any CPU
		{E5CC0A52-A933-4D81-9A6B-1A2592BD787A}.Debug|iPhone.Build.0 = Debug|Any CPU
		{E5CC0A52-A933-4D81-9A6B-1A2592BD787A}.Debug|iPhoneSimulator.ActiveCfg = Debug|Any CPU
		{E5CC0A52-A933-4D81-9A6B-1A2592BD787A}.Debug|iPhoneSimulator.Build.0 = Debug|Any CPU
		{E5CC0A52-A933-4D81-9A6B-1A2592BD787A}.Release|Any CPU.ActiveCfg = Release|Any CPU
		{E5CC0A52-A933-4D81-9A6B-1A2592BD787A}.Release|Any CPU.Build.0 = Release|Any CPU
		{E5CC0A52-A933-4D81-9A6B-1A2592BD787A}.Release|iPhone.ActiveCfg = Release|Any CPU
		{E5CC0A52-A933-4D81-9A6B-1A2592BD787A}.Release|iPhone.Build.0 = Release|Any CPU
		{E5CC0A52-A933-4D81-9A6B-1A2592BD787A}.Release|iPhoneSimulator.ActiveCfg = Release|Any CPU
		{E5CC0A52-A933-4D81-9A6B-1A2592BD787A}.Release|iPhoneSimulator.Build.0 = Release|Any CPU
		{A1481766-B347-42F2-AED8-1912189DBBF7}.Ad-Hoc|Any CPU.ActiveCfg = Release|Any CPU
		{A1481766-B347-42F2-AED8-1912189DBBF7}.Ad-Hoc|Any CPU.Build.0 = Release|Any CPU
		{A1481766-B347-42F2-AED8-1912189DBBF7}.Ad-Hoc|iPhone.ActiveCfg = Release|Any CPU
		{A1481766-B347-42F2-AED8-1912189DBBF7}.Ad-Hoc|iPhone.Build.0 = Release|Any CPU
		{A1481766-B347-42F2-AED8-1912189DBBF7}.Ad-Hoc|iPhoneSimulator.ActiveCfg = Release|Any CPU
		{A1481766-B347-42F2-AED8-1912189DBBF7}.Ad-Hoc|iPhoneSimulator.Build.0 = Release|Any CPU
		{A1481766-B347-42F2-AED8-1912189DBBF7}.AppStore|Any CPU.ActiveCfg = Release|Any CPU
		{A1481766-B347-42F2-AED8-1912189DBBF7}.AppStore|Any CPU.Build.0 = Release|Any CPU
		{A1481766-B347-42F2-AED8-1912189DBBF7}.AppStore|iPhone.ActiveCfg = Release|Any CPU
		{A1481766-B347-42F2-AED8-1912189DBBF7}.AppStore|iPhone.Build.0 = Release|Any CPU
		{A1481766-B347-42F2-AED8-1912189DBBF7}.AppStore|iPhoneSimulator.ActiveCfg = Release|Any CPU
		{A1481766-B347-42F2-AED8-1912189DBBF7}.AppStore|iPhoneSimulator.Build.0 = Release|Any CPU
		{A1481766-B347-42F2-AED8-1912189DBBF7}.Debug|Any CPU.ActiveCfg = Debug|Any CPU
		{A1481766-B347-42F2-AED8-1912189DBBF7}.Debug|Any CPU.Build.0 = Debug|Any CPU
		{A1481766-B347-42F2-AED8-1912189DBBF7}.Debug|iPhone.ActiveCfg = Debug|Any CPU
		{A1481766-B347-42F2-AED8-1912189DBBF7}.Debug|iPhone.Build.0 = Debug|Any CPU
		{A1481766-B347-42F2-AED8-1912189DBBF7}.Debug|iPhoneSimulator.ActiveCfg = Debug|Any CPU
		{A1481766-B347-42F2-AED8-1912189DBBF7}.Debug|iPhoneSimulator.Build.0 = Debug|Any CPU
		{A1481766-B347-42F2-AED8-1912189DBBF7}.Release|Any CPU.ActiveCfg = Release|Any CPU
		{A1481766-B347-42F2-AED8-1912189DBBF7}.Release|Any CPU.Build.0 = Release|Any CPU
		{A1481766-B347-42F2-AED8-1912189DBBF7}.Release|iPhone.ActiveCfg = Release|Any CPU
		{A1481766-B347-42F2-AED8-1912189DBBF7}.Release|iPhone.Build.0 = Release|Any CPU
		{A1481766-B347-42F2-AED8-1912189DBBF7}.Release|iPhoneSimulator.ActiveCfg = Release|Any CPU
		{A1481766-B347-42F2-AED8-1912189DBBF7}.Release|iPhoneSimulator.Build.0 = Release|Any CPU
	EndGlobalSection
	GlobalSection(SolutionProperties) = preSolution
		HideSolutionNode = FALSE
	EndGlobalSection
EndGlobal
